
Microsoft Visual Studio Solution File, Format Version 12.00
# Visual Studio Version 17
VisualStudioVersion = 17.9.34701.34
MinimumVisualStudioVersion = 10.0.40219.1
Project("{FAE04EC0-301F-11D3-BF4B-00C04F79EFBC}") = "TFCloud_Blazor_ApiSample", "TFCloud_Blazor_ApiSample\TFCloud_Blazor_ApiSample.csproj", "{25BB68BF-33EC-48BB-B5E8-07C443D89516}"
EndProject
Project("{00D1A9C2-B5F0-4AF3-8072-F6C62B433612}") = "DBBlazorSample", "DBBlazorSample\DBBlazorSample.sqlproj", "{DF0BEAAD-DE3C-4C16-814A-82036FB9C2EA}"
EndProject
Global
	GlobalSection(SolutionConfigurationPlatforms) = preSolution
		Debug|Any CPU = Debug|Any CPU
		Release|Any CPU = Release|Any CPU
	EndGlobalSection
	GlobalSection(ProjectConfigurationPlatforms) = postSolution
		{25BB68BF-33EC-48BB-B5E8-07C443D89516}.Debug|Any CPU.ActiveCfg = Debug|Any CPU
		{25BB68BF-33EC-48BB-B5E8-07C443D89516}.Debug|Any CPU.Build.0 = Debug|Any CPU
		{25BB68BF-33EC-48BB-B5E8-07C443D89516}.Release|Any CPU.ActiveCfg = Release|Any CPU
		{25BB68BF-33EC-48BB-B5E8-07C443D89516}.Release|Any CPU.Build.0 = Release|Any CPU
		{DF0BEAAD-DE3C-4C16-814A-82036FB9C2EA}.Debug|Any CPU.ActiveCfg = Debug|Any CPU
		{DF0BEAAD-DE3C-4C16-814A-82036FB9C2EA}.Debug|Any CPU.Build.0 = Debug|Any CPU
		{DF0BEAAD-DE3C-4C16-814A-82036FB9C2EA}.Debug|Any CPU.Deploy.0 = Debug|Any CPU
		{DF0BEAAD-DE3C-4C16-814A-82036FB9C2EA}.Release|Any CPU.ActiveCfg = Release|Any CPU
		{DF0BEAAD-DE3C-4C16-814A-82036FB9C2EA}.Release|Any CPU.Build.0 = Release|Any CPU
		{DF0BEAAD-DE3C-4C16-814A-82036FB9C2EA}.Release|Any CPU.Deploy.0 = Release|Any CPU
	EndGlobalSection
	GlobalSection(SolutionProperties) = preSolution
		HideSolutionNode = FALSE
	EndGlobalSection
	GlobalSection(ExtensibilityGlobals) = postSolution
		SolutionGuid = {2D48FF86-E81E-400E-9E2C-46A2AF81B845}
	EndGlobalSection
EndGlobal
